
Microsoft Visual Studio Solution File, Format Version 12.00
# Visual Studio Version 16
VisualStudioVersion = 16.0.29009.5
MinimumVisualStudioVersion = 10.0.40219.1
Project("{F184B08F-C81C-45F6-A57F-5ABD9991F28F}") = "ClassLibrary_Quaternion", "ClassLibrary_Quaternion\ClassLibrary_Quaternion.vbproj", "{ACBDE449-B31D-486C-BE63-57480D9E67D9}"
EndProject
Project("{F184B08F-C81C-45F6-A57F-5ABD9991F28F}") = "ConsoleApp_EXE", "ConsoleApp_EXE\ConsoleApp_EXE.vbproj", "{C9D6548E-CB4F-4FED-AC89-FFE37539F8B2}"
EndProject
Project("{F184B08F-C81C-45F6-A57F-5ABD9991F28F}") = "WpfApp_IHM", "WpfApp_IHM\WpfApp_IHM.vbproj", "{26C1B61D-7463-4DDB-A13A-9ABAB6691B1A}"
EndProject
Project("{F184B08F-C81C-45F6-A57F-5ABD9991F28F}") = "QMandelbrot_Worker", "QMandelbrot_Worker\QMandelbrot_Worker.vbproj", "{AEE254BC-7DFF-4D35-BF26-962786D57CE1}"
EndProject
Project("{F184B08F-C81C-45F6-A57F-5ABD9991F28F}") = "QMandelbrot_WorkerManager", "QMandelbrot_WorkerManager\QMandelbrot_WorkerManager.vbproj", "{8AD44A17-7372-4696-BE56-6BF64D1E4F62}"
EndProject
Project("{F184B08F-C81C-45F6-A57F-5ABD9991F28F}") = "ConsoleApp_ILGPU", "ConsoleApp_ILGPU\ConsoleApp_ILGPU.vbproj", "{379E3DD2-E21D-4B5F-9A6C-1531F3004357}"
EndProject
Project("{2150E333-8FDC-42A3-9474-1A3956D46DE8}") = "CPU", "CPU", "{653BA420-D02B-4246-805C-8B2D6BEACD19}"
EndProject
Project("{2150E333-8FDC-42A3-9474-1A3956D46DE8}") = "GPU", "GPU", "{D9D0DC14-4E75-4D04-9848-459C0828C507}"
EndProject
Project("{FAE04EC0-301F-11D3-BF4B-00C04F79EFBC}") = "WebApplication_Quaternion", "WebApplication_Quaternion\WebApplication_Quaternion.csproj", "{DC33D5E4-D65D-441C-BE6C-E6DC406A2AEC}"
EndProject
Global
	GlobalSection(SolutionConfigurationPlatforms) = preSolution
		Debug|Any CPU = Debug|Any CPU
		Debug|x64 = Debug|x64
		Debug|x86 = Debug|x86
		Release|Any CPU = Release|Any CPU
		Release|x64 = Release|x64
		Release|x86 = Release|x86
	EndGlobalSection
	GlobalSection(ProjectConfigurationPlatforms) = postSolution
		{ACBDE449-B31D-486C-BE63-57480D9E67D9}.Debug|Any CPU.ActiveCfg = Debug|Any CPU
		{ACBDE449-B31D-486C-BE63-57480D9E67D9}.Debug|Any CPU.Build.0 = Debug|Any CPU
		{ACBDE449-B31D-486C-BE63-57480D9E67D9}.Debug|x64.ActiveCfg = Debug|Any CPU
		{ACBDE449-B31D-486C-BE63-57480D9E67D9}.Debug|x64.Build.0 = Debug|Any CPU
		{ACBDE449-B31D-486C-BE63-57480D9E67D9}.Debug|x86.ActiveCfg = Debug|Any CPU
		{ACBDE449-B31D-486C-BE63-57480D9E67D9}.Debug|x86.Build.0 = Debug|Any CPU
		{ACBDE449-B31D-486C-BE63-57480D9E67D9}.Release|Any CPU.ActiveCfg = Release|Any CPU
		{ACBDE449-B31D-486C-BE63-57480D9E67D9}.Release|Any CPU.Build.0 = Release|Any CPU
		{ACBDE449-B31D-486C-BE63-57480D9E67D9}.Release|x64.ActiveCfg = Release|Any CPU
		{ACBDE449-B31D-486C-BE63-57480D9E67D9}.Release|x64.Build.0 = Release|Any CPU
		{ACBDE449-B31D-486C-BE63-57480D9E67D9}.Release|x86.ActiveCfg = Release|Any CPU
		{ACBDE449-B31D-486C-BE63-57480D9E67D9}.Release|x86.Build.0 = Release|Any CPU
		{C9D6548E-CB4F-4FED-AC89-FFE37539F8B2}.Debug|Any CPU.ActiveCfg = Debug|Any CPU
		{C9D6548E-CB4F-4FED-AC89-FFE37539F8B2}.Debug|Any CPU.Build.0 = Debug|Any CPU
		{C9D6548E-CB4F-4FED-AC89-FFE37539F8B2}.Debug|x64.ActiveCfg = Debug|Any CPU
		{C9D6548E-CB4F-4FED-AC89-FFE37539F8B2}.Debug|x64.Build.0 = Debug|Any CPU
		{C9D6548E-CB4F-4FED-AC89-FFE37539F8B2}.Debug|x86.ActiveCfg = Debug|Any CPU
		{C9D6548E-CB4F-4FED-AC89-FFE37539F8B2}.Debug|x86.Build.0 = Debug|Any CPU
		{C9D6548E-CB4F-4FED-AC89-FFE37539F8B2}.Release|Any CPU.ActiveCfg = Release|Any CPU
		{C9D6548E-CB4F-4FED-AC89-FFE37539F8B2}.Release|Any CPU.Build.0 = Release|Any CPU
		{C9D6548E-CB4F-4FED-AC89-FFE37539F8B2}.Release|x64.ActiveCfg = Release|Any CPU
		{C9D6548E-CB4F-4FED-AC89-FFE37539F8B2}.Release|x64.Build.0 = Release|Any CPU
		{C9D6548E-CB4F-4FED-AC89-FFE37539F8B2}.Release|x86.ActiveCfg = Release|Any CPU
		{C9D6548E-CB4F-4FED-AC89-FFE37539F8B2}.Release|x86.Build.0 = Release|Any CPU
		{26C1B61D-7463-4DDB-A13A-9ABAB6691B1A}.Debug|Any CPU.ActiveCfg = Debug|Any CPU
		{26C1B61D-7463-4DDB-A13A-9ABAB6691B1A}.Debug|Any CPU.Build.0 = Debug|Any CPU
		{26C1B61D-7463-4DDB-A13A-9ABAB6691B1A}.Debug|x64.ActiveCfg = Debug|Any CPU
		{26C1B61D-7463-4DDB-A13A-9ABAB6691B1A}.Debug|x64.Build.0 = Debug|Any CPU
		{26C1B61D-7463-4DDB-A13A-9ABAB6691B1A}.Debug|x86.ActiveCfg = Debug|Any CPU
		{26C1B61D-7463-4DDB-A13A-9ABAB6691B1A}.Debug|x86.Build.0 = Debug|Any CPU
		{26C1B61D-7463-4DDB-A13A-9ABAB6691B1A}.Release|Any CPU.ActiveCfg = Release|Any CPU
		{26C1B61D-7463-4DDB-A13A-9ABAB6691B1A}.Release|Any CPU.Build.0 = Release|Any CPU
		{26C1B61D-7463-4DDB-A13A-9ABAB6691B1A}.Release|x64.ActiveCfg = Release|Any CPU
		{26C1B61D-7463-4DDB-A13A-9ABAB6691B1A}.Release|x64.Build.0 = Release|Any CPU
		{26C1B61D-7463-4DDB-A13A-9ABAB6691B1A}.Release|x86.ActiveCfg = Release|Any CPU
		{26C1B61D-7463-4DDB-A13A-9ABAB6691B1A}.Release|x86.Build.0 = Release|Any CPU
		{AEE254BC-7DFF-4D35-BF26-962786D57CE1}.Debug|Any CPU.ActiveCfg = Debug|Any CPU
		{AEE254BC-7DFF-4D35-BF26-962786D57CE1}.Debug|Any CPU.Build.0 = Debug|Any CPU
		{AEE254BC-7DFF-4D35-BF26-962786D57CE1}.Debug|x64.ActiveCfg = Debug|Any CPU
		{AEE254BC-7DFF-4D35-BF26-962786D57CE1}.Debug|x64.Build.0 = Debug|Any CPU
		{AEE254BC-7DFF-4D35-BF26-962786D57CE1}.Debug|x86.ActiveCfg = Debug|Any CPU
		{AEE254BC-7DFF-4D35-BF26-962786D57CE1}.Debug|x86.Build.0 = Debug|Any CPU
		{AEE254BC-7DFF-4D35-BF26-962786D57CE1}.Release|Any CPU.ActiveCfg = Release|Any CPU
		{AEE254BC-7DFF-4D35-BF26-962786D57CE1}.Release|Any CPU.Build.0 = Release|Any CPU
		{AEE254BC-7DFF-4D35-BF26-962786D57CE1}.Release|x64.ActiveCfg = Release|Any CPU
		{AEE254BC-7DFF-4D35-BF26-962786D57CE1}.Release|x64.Build.0 = Release|Any CPU
		{AEE254BC-7DFF-4D35-BF26-962786D57CE1}.Release|x86.ActiveCfg = Release|Any CPU
		{AEE254BC-7DFF-4D35-BF26-962786D57CE1}.Release|x86.Build.0 = Release|Any CPU
		{8AD44A17-7372-4696-BE56-6BF64D1E4F62}.Debug|Any CPU.ActiveCfg = Debug|Any CPU
		{8AD44A17-7372-4696-BE56-6BF64D1E4F62}.Debug|Any CPU.Build.0 = Debug|Any CPU
		{8AD44A17-7372-4696-BE56-6BF64D1E4F62}.Debug|x64.ActiveCfg = Debug|Any CPU
		{8AD44A17-7372-4696-BE56-6BF64D1E4F62}.Debug|x64.Build.0 = Debug|Any CPU
		{8AD44A17-7372-4696-BE56-6BF64D1E4F62}.Debug|x86.ActiveCfg = Debug|Any CPU
		{8AD44A17-7372-4696-BE56-6BF64D1E4F62}.Debug|x86.Build.0 = Debug|Any CPU
		{8AD44A17-7372-4696-BE56-6BF64D1E4F62}.Release|Any CPU.ActiveCfg = Release|Any CPU
		{8AD44A17-7372-4696-BE56-6BF64D1E4F62}.Release|Any CPU.Build.0 = Release|Any CPU
		{8AD44A17-7372-4696-BE56-6BF64D1E4F62}.Release|x64.ActiveCfg = Release|Any CPU
		{8AD44A17-7372-4696-BE56-6BF64D1E4F62}.Release|x64.Build.0 = Release|Any CPU
		{8AD44A17-7372-4696-BE56-6BF64D1E4F62}.Release|x86.ActiveCfg = Release|Any CPU
		{8AD44A17-7372-4696-BE56-6BF64D1E4F62}.Release|x86.Build.0 = Release|Any CPU
		{379E3DD2-E21D-4B5F-9A6C-1531F3004357}.Debug|Any CPU.ActiveCfg = Debug|Any CPU
		{379E3DD2-E21D-4B5F-9A6C-1531F3004357}.Debug|Any CPU.Build.0 = Debug|Any CPU
		{379E3DD2-E21D-4B5F-9A6C-1531F3004357}.Debug|x64.ActiveCfg = Debug|x64
		{379E3DD2-E21D-4B5F-9A6C-1531F3004357}.Debug|x64.Build.0 = Debug|x64
		{379E3DD2-E21D-4B5F-9A6C-1531F3004357}.Debug|x86.ActiveCfg = Debug|x86
		{379E3DD2-E21D-4B5F-9A6C-1531F3004357}.Debug|x86.Build.0 = Debug|x86
		{379E3DD2-E21D-4B5F-9A6C-1531F3004357}.Release|Any CPU.ActiveCfg = Release|Any CPU
		{379E3DD2-E21D-4B5F-9A6C-1531F3004357}.Release|Any CPU.Build.0 = Release|Any CPU
		{379E3DD2-E21D-4B5F-9A6C-1531F3004357}.Release|x64.ActiveCfg = Release|x64
		{379E3DD2-E21D-4B5F-9A6C-1531F3004357}.Release|x64.Build.0 = Release|x64
		{379E3DD2-E21D-4B5F-9A6C-1531F3004357}.Release|x86.ActiveCfg = Release|x86
		{379E3DD2-E21D-4B5F-9A6C-1531F3004357}.Release|x86.Build.0 = Release|x86
		{DC33D5E4-D65D-441C-BE6C-E6DC406A2AEC}.Debug|Any CPU.ActiveCfg = Debug|Any CPU
		{DC33D5E4-D65D-441C-BE6C-E6DC406A2AEC}.Debug|Any CPU.Build.0 = Debug|Any CPU
		{DC33D5E4-D65D-441C-BE6C-E6DC406A2AEC}.Debug|x64.ActiveCfg = Debug|Any CPU
		{DC33D5E4-D65D-441C-BE6C-E6DC406A2AEC}.Debug|x64.Build.0 = Debug|Any CPU
		{DC33D5E4-D65D-441C-BE6C-E6DC406A2AEC}.Debug|x86.ActiveCfg = Debug|Any CPU
		{DC33D5E4-D65D-441C-BE6C-E6DC406A2AEC}.Debug|x86.Build.0 = Debug|Any CPU
		{DC33D5E4-D65D-441C-BE6C-E6DC406A2AEC}.Release|Any CPU.ActiveCfg = Release|Any CPU
		{DC33D5E4-D65D-441C-BE6C-E6DC406A2AEC}.Release|Any CPU.Build.0 = Release|Any CPU
		{DC33D5E4-D65D-441C-BE6C-E6DC406A2AEC}.Release|x64.ActiveCfg = Release|Any CPU
		{DC33D5E4-D65D-441C-BE6C-E6DC406A2AEC}.Release|x64.Build.0 = Release|Any CPU
		{DC33D5E4-D65D-441C-BE6C-E6DC406A2AEC}.Release|x86.ActiveCfg = Release|Any CPU
		{DC33D5E4-D65D-441C-BE6C-E6DC406A2AEC}.Release|x86.Build.0 = Release|Any CPU
	EndGlobalSection
	GlobalSection(SolutionProperties) = preSolution
		HideSolutionNode = FALSE
	EndGlobalSection
	GlobalSection(NestedProjects) = preSolution
		{ACBDE449-B31D-486C-BE63-57480D9E67D9} = {653BA420-D02B-4246-805C-8B2D6BEACD19}
		{C9D6548E-CB4F-4FED-AC89-FFE37539F8B2} = {653BA420-D02B-4246-805C-8B2D6BEACD19}
		{26C1B61D-7463-4DDB-A13A-9ABAB6691B1A} = {653BA420-D02B-4246-805C-8B2D6BEACD19}
		{AEE254BC-7DFF-4D35-BF26-962786D57CE1} = {653BA420-D02B-4246-805C-8B2D6BEACD19}
		{8AD44A17-7372-4696-BE56-6BF64D1E4F62} = {653BA420-D02B-4246-805C-8B2D6BEACD19}
		{379E3DD2-E21D-4B5F-9A6C-1531F3004357} = {D9D0DC14-4E75-4D04-9848-459C0828C507}
	EndGlobalSection
	GlobalSection(ExtensibilityGlobals) = postSolution
		SolutionGuid = {B999C19A-CACD-4E75-8C06-21E78C7D4E3F}
	EndGlobalSection
EndGlobal
